
Microsoft Visual Studio Solution File, Format Version 12.00
# Visual Studio 15
VisualStudioVersion = 15.0.27703.2018
MinimumVisualStudioVersion = 10.0.40219.1
Project("{FAE04EC0-301F-11D3-BF4B-00C04F79EFBC}") = "HelloWorld", "HelloWorld\HelloWorld.csproj", "{89269F59-A0A9-463D-9908-F4834B98D9F9}"
EndProject
Global
	GlobalSection(SolutionConfigurationPlatforms) = preSolution
		Debug|Any CPU = Debug|Any CPU
		Release|Any CPU = Release|Any CPU
	EndGlobalSection
	GlobalSection(ProjectConfigurationPlatforms) = postSolution
		{89269F59-A0A9-463D-9908-F4834B98D9F9}.Debug|Any CPU.ActiveCfg = Debug|Any CPU
		{89269F59-A0A9-463D-9908-F4834B98D9F9}.Debug|Any CPU.Build.0 = Debug|Any CPU
		{89269F59-A0A9-463D-9908-F4834B98D9F9}.Release|Any CPU.ActiveCfg = Release|Any CPU
		{89269F59-A0A9-463D-9908-F4834B98D9F9}.Release|Any CPU.Build.0 = Release|Any CPU
	EndGlobalSection
	GlobalSection(SolutionProperties) = preSolution
		HideSolutionNode = FALSE
	EndGlobalSection
	GlobalSection(ExtensibilityGlobals) = postSolution
		SolutionGuid = {798D304A-14B6-435F-A676-3739FCEE8FC6}
	EndGlobalSection
EndGlobal
